
Microsoft Visual Studio Solution File, Format Version 12.00
# Visual Studio Version 17
VisualStudioVersion = 17.7.34031.279
MinimumVisualStudioVersion = 10.0.40219.1
Project("{FAE04EC0-301F-11D3-BF4B-00C04F79EFBC}") = "ASEGraphicAssignment", "ASEGraphicAssignment\ASEGraphicAssignment.csproj", "{BAD62CAE-0BE4-41B8-A2E8-D87E37865810}"
EndProject
Global
	GlobalSection(SolutionConfigurationPlatforms) = preSolution
		Debug|Any CPU = Debug|Any CPU
		Release|Any CPU = Release|Any CPU
	EndGlobalSection
	GlobalSection(ProjectConfigurationPlatforms) = postSolution
		{BAD62CAE-0BE4-41B8-A2E8-D87E37865810}.Debug|Any CPU.ActiveCfg = Debug|Any CPU
		{BAD62CAE-0BE4-41B8-A2E8-D87E37865810}.Debug|Any CPU.Build.0 = Debug|Any CPU
		{BAD62CAE-0BE4-41B8-A2E8-D87E37865810}.Release|Any CPU.ActiveCfg = Release|Any CPU
		{BAD62CAE-0BE4-41B8-A2E8-D87E37865810}.Release|Any CPU.Build.0 = Release|Any CPU
	EndGlobalSection
	GlobalSection(SolutionProperties) = preSolution
		HideSolutionNode = FALSE
	EndGlobalSection
	GlobalSection(ExtensibilityGlobals) = postSolution
		SolutionGuid = {12C8E58D-8B87-44AA-A65F-D6B3AA11D31B}
	EndGlobalSection
EndGlobal
